
Microsoft Visual Studio Solution File, Format Version 12.00
# Visual Studio Version 17
VisualStudioVersion = 17.9.34723.18
MinimumVisualStudioVersion = 10.0.40219.1
Project("{FAE04EC0-301F-11D3-BF4B-00C04F79EFBC}") = "acertouPerdeuV1.0", "acertouPerdeuV1.0\acertouPerdeuV1.0.csproj", "{7E708CA7-4A74-4CFE-AF88-607D30A2FCB0}"
EndProject
Global
	GlobalSection(SolutionConfigurationPlatforms) = preSolution
		Debug|Any CPU = Debug|Any CPU
		Release|Any CPU = Release|Any CPU
	EndGlobalSection
	GlobalSection(ProjectConfigurationPlatforms) = postSolution
		{7E708CA7-4A74-4CFE-AF88-607D30A2FCB0}.Debug|Any CPU.ActiveCfg = Debug|Any CPU
		{7E708CA7-4A74-4CFE-AF88-607D30A2FCB0}.Debug|Any CPU.Build.0 = Debug|Any CPU
		{7E708CA7-4A74-4CFE-AF88-607D30A2FCB0}.Release|Any CPU.ActiveCfg = Release|Any CPU
		{7E708CA7-4A74-4CFE-AF88-607D30A2FCB0}.Release|Any CPU.Build.0 = Release|Any CPU
	EndGlobalSection
	GlobalSection(SolutionProperties) = preSolution
		HideSolutionNode = FALSE
	EndGlobalSection
	GlobalSection(ExtensibilityGlobals) = postSolution
		SolutionGuid = {5444E3DA-C9D5-4892-B8D7-51A929C570C8}
	EndGlobalSection
EndGlobal
